// !$*UTF8*$!
{
	archiveVersion = 1;
	classes = {
	};
	objectVersion = 46;
	objects = {

/* Begin PBXBuildFile section */
		78501FBD1B842E4600E2CD02 /* AppDelegate.swift in Sources */ = {isa = PBXBuildFile; fileRef = 78501FBC1B842E4600E2CD02 /* AppDelegate.swift */; };
		78501FBF1B842E4600E2CD02 /* ViewController.swift in Sources */ = {isa = PBXBuildFile; fileRef = 78501FBE1B842E4600E2CD02 /* ViewController.swift */; };
		78501FC21B842E4600E2CD02 /* Main.storyboard in Resources */ = {isa = PBXBuildFile; fileRef = 78501FC01B842E4600E2CD02 /* Main.storyboard */; };
		78501FC41B842E4600E2CD02 /* Assets.xcassets in Resources */ = {isa = PBXBuildFile; fileRef = 78501FC31B842E4600E2CD02 /* Assets.xcassets */; };
		78501FC71B842E4600E2CD02 /* LaunchScreen.storyboard in Resources */ = {isa = PBXBuildFile; fileRef = 78501FC51B842E4600E2CD02 /* LaunchScreen.storyboard */; };
		7883E5261B95548200EE4C12 /* UpYunSDK.framework in Frameworks */ = {isa = PBXBuildFile; fileRef = 7883E5251B95547400EE4C12 /* UpYunSDK.framework */; };
		7883E5271B95548200EE4C12 /* UpYunSDK.framework in Embed Frameworks */ = {isa = PBXBuildFile; fileRef = 7883E5251B95547400EE4C12 /* UpYunSDK.framework */; settings = {ATTRIBUTES = (CodeSignOnCopy, RemoveHeadersOnCopy, ); }; };
		78FE1BA71B8EF601003C43C4 /* SwiftNotice.swift in Sources */ = {isa = PBXBuildFile; fileRef = 78FE1BA61B8EF601003C43C4 /* SwiftNotice.swift */; settings = {ASSET_TAGS = (); }; };
/* End PBXBuildFile section */

/* Begin PBXContainerItemProxy section */
		7883E5241B95547400EE4C12 /* PBXContainerItemProxy */ = {
			isa = PBXContainerItemProxy;
			containerPortal = 7883E5201B95547400EE4C12 /* UpYunSDK.xcodeproj */;
			proxyType = 2;
			remoteGlobalIDString = 7883E5041B95520E00EE4C12;
			remoteInfo = UpYunSDK;
		};
		7883E5281B95548200EE4C12 /* PBXContainerItemProxy */ = {
			isa = PBXContainerItemProxy;
			containerPortal = 7883E5201B95547400EE4C12 /* UpYunSDK.xcodeproj */;
			proxyType = 1;
			remoteGlobalIDString = 7883E5031B95520E00EE4C12;
			remoteInfo = UpYunSDK;
		};
/* End PBXContainerItemProxy section */

/* Begin PBXCopyFilesBuildPhase section */
		789680141B8431AE00AC2D23 /* Embed Frameworks */ = {
			isa = PBXCopyFilesBuildPhase;
			buildActionMask = 2147483647;
			dstPath = "";
			dstSubfolderSpec = 10;
			files = (
				7883E5271B95548200EE4C12 /* UpYunSDK.framework in Embed Frameworks */,
			);
			name = "Embed Frameworks";
			runOnlyForDeploymentPostprocessing = 0;
		};
/* End PBXCopyFilesBuildPhase section */

/* Begin PBXFileReference section */
		78501FB91B842E4600E2CD02 /* UpYunSDK-Demo.app */ = {isa = PBXFileReference; explicitFileType = wrapper.application; includeInIndex = 0; path = "UpYunSDK-Demo.app"; sourceTree = BUILT_PRODUCTS_DIR; };
		78501FBC1B842E4600E2CD02 /* AppDelegate.swift */ = {isa = PBXFileReference; lastKnownFileType = sourcecode.swift; path = AppDelegate.swift; sourceTree = "<group>"; };
		78501FBE1B842E4600E2CD02 /* ViewController.swift */ = {isa = PBXFileReference; lastKnownFileType = sourcecode.swift; path = ViewController.swift; sourceTree = "<group>"; };
		78501FC11B842E4600E2CD02 /* Base */ = {isa = PBXFileReference; lastKnownFileType = file.storyboard; name = Base; path = Base.lproj/Main.storyboard; sourceTree = "<group>"; };
		78501FC31B842E4600E2CD02 /* Assets.xcassets */ = {isa = PBXFileReference; lastKnownFileType = folder.assetcatalog; path = Assets.xcassets; sourceTree = "<group>"; };
		78501FC61B842E4600E2CD02 /* Base */ = {isa = PBXFileReference; lastKnownFileType = file.storyboard; name = Base; path = Base.lproj/LaunchScreen.storyboard; sourceTree = "<group>"; };
		78501FC81B842E4600E2CD02 /* Info.plist */ = {isa = PBXFileReference; lastKnownFileType = text.plist.xml; path = Info.plist; sourceTree = "<group>"; };
		7883E5201B95547400EE4C12 /* UpYunSDK.xcodeproj */ = {isa = PBXFileReference; lastKnownFileType = "wrapper.pb-project"; name = UpYunSDK.xcodeproj; path = "UpYun-SDK/UpYunSDK.xcodeproj"; sourceTree = "<group>"; };
		78FE1BA61B8EF601003C43C4 /* SwiftNotice.swift */ = {isa = PBXFileReference; fileEncoding = 4; lastKnownFileType = sourcecode.swift; path = SwiftNotice.swift; sourceTree = "<group>"; };
/* End PBXFileReference section */

/* Begin PBXFrameworksBuildPhase section */
		78501FB61B842E4600E2CD02 /* Frameworks */ = {
			isa = PBXFrameworksBuildPhase;
			buildActionMask = 2147483647;
			files = (
				7883E5261B95548200EE4C12 /* UpYunSDK.framework in Frameworks */,
			);
			runOnlyForDeploymentPostprocessing = 0;
		};
/* End PBXFrameworksBuildPhase section */

/* Begin PBXGroup section */
		78501FB01B842E4500E2CD02 = {
			isa = PBXGroup;
			children = (
				7883E5201B95547400EE4C12 /* UpYunSDK.xcodeproj */,
				78501FBB1B842E4600E2CD02 /* UpYunSDK-Demo */,
				78501FBA1B842E4600E2CD02 /* Products */,
			);
			sourceTree = "<group>";
		};
		78501FBA1B842E4600E2CD02 /* Products */ = {
			isa = PBXGroup;
			children = (
				78501FB91B842E4600E2CD02 /* UpYunSDK-Demo.app */,
			);
			name = Products;
			sourceTree = "<group>";
		};
		78501FBB1B842E4600E2CD02 /* UpYunSDK-Demo */ = {
			isa = PBXGroup;
			children = (
				78501FC81B842E4600E2CD02 /* Info.plist */,
				78501FBC1B842E4600E2CD02 /* AppDelegate.swift */,
				78FE1BA61B8EF601003C43C4 /* SwiftNotice.swift */,
				78501FBE1B842E4600E2CD02 /* ViewController.swift */,
				78501FC31B842E4600E2CD02 /* Assets.xcassets */,
				78501FC51B842E4600E2CD02 /* LaunchScreen.storyboard */,
				78501FC01B842E4600E2CD02 /* Main.storyboard */,
			);
			path = "UpYunSDK-Demo";
			sourceTree = "<group>";
		};
		7883E5211B95547400EE4C12 /* Products */ = {
			isa = PBXGroup;
			children = (
				7883E5251B95547400EE4C12 /* UpYunSDK.framework */,
			);
			name = Products;
			sourceTree = "<group>";
		};
/* End PBXGroup section */

/* Begin PBXNativeTarget section */
		78501FB81B842E4600E2CD02 /* UpYunSDK-Demo */ = {
			isa = PBXNativeTarget;
			buildConfigurationList = 78501FCB1B842E4600E2CD02 /* Build configuration list for PBXNativeTarget "UpYunSDK-Demo" */;
			buildPhases = (
				78501FB51B842E4600E2CD02 /* Sources */,
				78501FB61B842E4600E2CD02 /* Frameworks */,
				78501FB71B842E4600E2CD02 /* Resources */,
				789680141B8431AE00AC2D23 /* Embed Frameworks */,
			);
			buildRules = (
			);
			dependencies = (
				7883E5291B95548200EE4C12 /* PBXTargetDependency */,
			);
			name = "UpYunSDK-Demo";
			productName = "UpYunSDK-Demo";
			productReference = 78501FB91B842E4600E2CD02 /* UpYunSDK-Demo.app */;
			productType = "com.apple.product-type.application";
		};
/* End PBXNativeTarget section */

/* Begin PBXProject section */
		78501FB11B842E4500E2CD02 /* Project object */ = {
			isa = PBXProject;
			attributes = {
				LastSwiftUpdateCheck = 0700;
				LastUpgradeCheck = 0700;
				ORGANIZATIONNAME = msy;
				TargetAttributes = {
					78501FB81B842E4600E2CD02 = {
						CreatedOnToolsVersion = 7.0;
					};
				};
			};
			buildConfigurationList = 78501FB41B842E4500E2CD02 /* Build configuration list for PBXProject "UpYunSDK-Demo" */;
			compatibilityVersion = "Xcode 3.2";
			developmentRegion = English;
			hasScannedForEncodings = 0;
			knownRegions = (
				en,
				Base,
			);
			mainGroup = 78501FB01B842E4500E2CD02;
			productRefGroup = 78501FBA1B842E4600E2CD02 /* Products */;
			projectDirPath = "";
			projectReferences = (
				{
					ProductGroup = 7883E5211B95547400EE4C12 /* Products */;
					ProjectRef = 7883E5201B95547400EE4C12 /* UpYunSDK.xcodeproj */;
				},
			);
			projectRoot = "";
			targets = (
				78501FB81B842E4600E2CD02 /* UpYunSDK-Demo */,
			);
		};
/* End PBXProject section */

/* Begin PBXReferenceProxy section */
		7883E5251B95547400EE4C12 /* UpYunSDK.framework */ = {
			isa = PBXReferenceProxy;
			fileType = wrapper.framework;
			path = UpYunSDK.framework;
			remoteRef = 7883E5241B95547400EE4C12 /* PBXContainerItemProxy */;
			sourceTree = BUILT_PRODUCTS_DIR;
		};
/* End PBXReferenceProxy section */

/* Begin PBXResourcesBuildPhase section */
		78501FB71B842E4600E2CD02 /* Resources */ = {
			isa = PBXResourcesBuildPhase;
			buildActionMask = 2147483647;
			files = (
				78501FC71B842E4600E2CD02 /* LaunchScreen.storyboard in Resources */,
				78501FC41B842E4600E2CD02 /* Assets.xcassets in Resources */,
				78501FC21B842E4600E2CD02 /* Main.storyboard in Resources */,
			);
			runOnlyForDeploymentPostprocessing = 0;
		};
/* End PBXResourcesBuildPhase section */

/* Begin PBXSourcesBuildPhase section */
		78501FB51B842E4600E2CD02 /* Sources */ = {
			isa = PBXSourcesBuildPhase;
			buildActionMask = 2147483647;
			files = (
				78501FBF1B842E4600E2CD02 /* ViewController.swift in Sources */,
				78501FBD1B842E4600E2CD02 /* AppDelegate.swift in Sources */,
				78FE1BA71B8EF601003C43C4 /* SwiftNotice.swift in Sources */,
			);
			runOnlyForDeploymentPostprocessing = 0;
		};
/* End PBXSourcesBuildPhase section */

/* Begin PBXTargetDependency section */
		7883E5291B95548200EE4C12 /* PBXTargetDependency */ = {
			isa = PBXTargetDependency;
			name = UpYunSDK;
			targetProxy = 7883E5281B95548200EE4C12 /* PBXContainerItemProxy */;
		};
/* End PBXTargetDependency section */

/* Begin PBXVariantGroup section */
		78501FC01B842E4600E2CD02 /* Main.storyboard */ = {
			isa = PBXVariantGroup;
			children = (
				78501FC11B842E4600E2CD02 /* Base */,
			);
			name = Main.storyboard;
			sourceTree = "<group>";
		};
		78501FC51B842E4600E2CD02 /* LaunchScreen.storyboard */ = {
			isa = PBXVariantGroup;
			children = (
				78501FC61B842E4600E2CD02 /* Base */,
			);
			name = LaunchScreen.storyboard;
			sourceTree = "<group>";
		};
/* End PBXVariantGroup section */

/* Begin XCBuildConfiguration section */
		78501FC91B842E4600E2CD02 /* Debug */ = {
			isa = XCBuildConfiguration;
			buildSettings = {
				ALWAYS_SEARCH_USER_PATHS = NO;
				CLANG_CXX_LANGUAGE_STANDARD = "gnu++0x";
				CLANG_CXX_LIBRARY = "libc++";
				CLANG_ENABLE_MODULES = YES;
				CLANG_ENABLE_OBJC_ARC = YES;
				CLANG_WARN_BOOL_CONVERSION = YES;
				CLANG_WARN_CONSTANT_CONVERSION = YES;
				CLANG_WARN_DIRECT_OBJC_ISA_USAGE = YES_ERROR;
				CLANG_WARN_EMPTY_BODY = YES;
				CLANG_WARN_ENUM_CONVERSION = YES;
				CLANG_WARN_INT_CONVERSION = YES;
				CLANG_WARN_OBJC_ROOT_CLASS = YES_ERROR;
				CLANG_WARN_UNREACHABLE_CODE = YES;
				CLANG_WARN__DUPLICATE_METHOD_MATCH = YES;
				"CODE_SIGN_IDENTITY[sdk=iphoneos*]" = "iPhone Developer";
				COPY_PHASE_STRIP = NO;
				DEBUG_INFORMATION_FORMAT = dwarf;
				ENABLE_STRICT_OBJC_MSGSEND = YES;
				ENABLE_TESTABILITY = YES;
				GCC_C_LANGUAGE_STANDARD = gnu99;
				GCC_DYNAMIC_NO_PIC = NO;
				GCC_NO_COMMON_BLOCKS = YES;
				GCC_OPTIMIZATION_LEVEL = 0;
				GCC_PREPROCESSOR_DEFINITIONS = (
					"DEBUG=1",
					"$(inherited)",
				);
				GCC_WARN_64_TO_32_BIT_CONVERSION = YES;
				GCC_WARN_ABOUT_RETURN_TYPE = YES_ERROR;
				GCC_WARN_UNDECLARED_SELECTOR = YES;
				GCC_WARN_UNINITIALIZED_AUTOS = YES_AGGRESSIVE;
				GCC_WARN_UNUSED_FUNCTION = YES;
				GCC_WARN_UNUSED_VARIABLE = YES;
				IPHONEOS_DEPLOYMENT_TARGET = 9.0;
				MTL_ENABLE_DEBUG_INFO = YES;
				ONLY_ACTIVE_ARCH = YES;
				SDKROOT = iphoneos;
				SWIFT_OPTIMIZATION_LEVEL = "-Onone";
			};
			name = Debug;
		};
		78501FCA1B842E4600E2CD02 /* Release */ = {
			isa = XCBuildConfiguration;
			buildSettings = {
				ALWAYS_SEARCH_USER_PATHS = NO;
				CLANG_CXX_LANGUAGE_STANDARD = "gnu++0x";
				CLANG_CXX_LIBRARY = "libc++";
				CLANG_ENABLE_MODULES = YES;
				CLANG_ENABLE_OBJC_ARC = YES;
				CLANG_WARN_BOOL_CONVERSION = YES;
				CLANG_WARN_CONSTANT_CONVERSION = YES;
				CLANG_WARN_DIRECT_OBJC_ISA_USAGE = YES_ERROR;
				CLANG_WARN_EMPTY_BODY = YES;
				CLANG_WARN_ENUM_CONVERSION = YES;
				CLANG_WARN_INT_CONVERSION = YES;
				CLANG_WARN_OBJC_ROOT_CLASS = YES_ERROR;
				CLANG_WARN_UNREACHABLE_CODE = YES;
				CLANG_WARN__DUPLICATE_METHOD_MATCH = YES;
				"CODE_SIGN_IDENTITY[sdk=iphoneos*]" = "iPhone Developer";
				COPY_PHASE_STRIP = NO;
				DEBUG_INFORMATION_FORMAT = "dwarf-with-dsym";
				ENABLE_NS_ASSERTIONS = NO;
				ENABLE_STRICT_OBJC_MSGSEND = YES;
				GCC_C_LANGUAGE_STANDARD = gnu99;
				GCC_NO_COMMON_BLOCKS = YES;
				GCC_WARN_64_TO_32_BIT_CONVERSION = YES;
				GCC_WARN_ABOUT_RETURN_TYPE = YES_ERROR;
				GCC_WARN_UNDECLARED_SELECTOR = YES;
				GCC_WARN_UNINITIALIZED_AUTOS = YES_AGGRESSIVE;
				GCC_WARN_UNUSED_FUNCTION = YES;
				GCC_WARN_UNUSED_VARIABLE = YES;
				IPHONEOS_DEPLOYMENT_TARGET = 9.0;
				MTL_ENABLE_DEBUG_INFO = NO;
				SDKROOT = iphoneos;
				VALIDATE_PRODUCT = YES;
			};
			name = Release;
		};
		78501FCC1B842E4600E2CD02 /* Debug */ = {
			isa = XCBuildConfiguration;
			buildSettings = {
				ASSETCATALOG_COMPILER_APPICON_NAME = AppIcon;
				CLANG_ENABLE_MODULES = YES;
				EMBEDDED_CONTENT_CONTAINS_SWIFT = YES;
				INFOPLIST_FILE = "UpYunSDK-Demo/Info.plist";
				IPHONEOS_DEPLOYMENT_TARGET = 8.0;
				LD_RUNPATH_SEARCH_PATHS = "$(inherited) @executable_path/Frameworks";
				PRODUCT_BUNDLE_IDENTIFIER = "com.msy.UpYunSDK-Demo";
				PRODUCT_NAME = "$(TARGET_NAME)";
				SWIFT_OBJC_BRIDGING_HEADER = "";
				SWIFT_OPTIMIZATION_LEVEL = "-Onone";
			};
			name = Debug;
		};
		78501FCD1B842E4600E2CD02 /* Release */ = {
			isa = XCBuildConfiguration;
			buildSettings = {
				ASSETCATALOG_COMPILER_APPICON_NAME = AppIcon;
				CLANG_ENABLE_MODULES = YES;
				EMBEDDED_CONTENT_CONTAINS_SWIFT = YES;
				INFOPLIST_FILE = "UpYunSDK-Demo/Info.plist";
				IPHONEOS_DEPLOYMENT_TARGET = 8.0;
				LD_RUNPATH_SEARCH_PATHS = "$(inherited) @executable_path/Frameworks";
				PRODUCT_BUNDLE_IDENTIFIER = "com.msy.UpYunSDK-Demo";
				PRODUCT_NAME = "$(TARGET_NAME)";
				SWIFT_OBJC_BRIDGING_HEADER = "";
			};
			name = Release;
		};
/* End XCBuildConfiguration section */

/* Begin XCConfigurationList section */
		78501FB41B842E4500E2CD02 /* Build configuration list for PBXProject "UpYunSDK-Demo" */ = {
			isa = XCConfigurationList;
			buildConfigurations = (
				78501FC91B842E4600E2CD02 /* Debug */,
				78501FCA1B842E4600E2CD02 /* Release */,
			);
			defaultConfigurationIsVisible = 0;
			defaultConfigurationName = Release;
		};
		78501FCB1B842E4600E2CD02 /* Build configuration list for PBXNativeTarget "UpYunSDK-Demo" */ = {
			isa = XCConfigurationList;
			buildConfigurations = (
				78501FCC1B842E4600E2CD02 /* Debug */,
				78501FCD1B842E4600E2CD02 /* Release */,
			);
			defaultConfigurationIsVisible = 0;
			defaultConfigurationName = Release;
		};
/* End XCConfigurationList section */
	};
	rootObject = 78501FB11B842E4500E2CD02 /* Project object */;
}
